// !$*UTF8*$!
{
	archiveVersion = 1;
	classes = {
	};
	objectVersion = 55;
	objects = {

/* Begin PBXBuildFile section */
		85397B2D298844F40087FD4E /* TeslaAppApp.swift in Sources */ = {isa = PBXBuildFile; fileRef = 85397B2C298844F40087FD4E /* TeslaAppApp.swift */; };
		85397B2F298844F40087FD4E /* MainView.swift in Sources */ = {isa = PBXBuildFile; fileRef = 85397B2E298844F40087FD4E /* MainView.swift */; };
		85397B31298844F50087FD4E /* Assets.xcassets in Resources */ = {isa = PBXBuildFile; fileRef = 85397B30298844F50087FD4E /* Assets.xcassets */; };
		85397B34298844F50087FD4E /* Preview Assets.xcassets in Resources */ = {isa = PBXBuildFile; fileRef = 85397B33298844F50087FD4E /* Preview Assets.xcassets */; };
		85397B3D298860BA0087FD4E /* Color+Extension.swift in Sources */ = {isa = PBXBuildFile; fileRef = 85397B3C298860BA0087FD4E /* Color+Extension.swift */; };
		85397B3F29891BC30087FD4E /* MainViewModel.swift in Sources */ = {isa = PBXBuildFile; fileRef = 85397B3E29891BC30087FD4E /* MainViewModel.swift */; };
		85397B4129891CCE0087FD4E /* LinearGradient+Extension.swift in Sources */ = {isa = PBXBuildFile; fileRef = 85397B4029891CCE0087FD4E /* LinearGradient+Extension.swift */; };
		85397B4329891EB20087FD4E /* BackgroundView.swift in Sources */ = {isa = PBXBuildFile; fileRef = 85397B4229891EB20087FD4E /* BackgroundView.swift */; };
		85397B4529891FC90087FD4E /* NeumorphismUnSelected.swift in Sources */ = {isa = PBXBuildFile; fileRef = 85397B4429891FC90087FD4E /* NeumorphismUnSelected.swift */; };
		85397B4729891FEC0087FD4E /* NeumorphismSelected.swift in Sources */ = {isa = PBXBuildFile; fileRef = 85397B4629891FEC0087FD4E /* NeumorphismSelected.swift */; };
		85397B492989205A0087FD4E /* NeumorphismUnSelectedCircle.swift in Sources */ = {isa = PBXBuildFile; fileRef = 85397B482989205A0087FD4E /* NeumorphismUnSelectedCircle.swift */; };
		85397B4B298920A40087FD4E /* View+Extension.swift in Sources */ = {isa = PBXBuildFile; fileRef = 85397B4A298920A40087FD4E /* View+Extension.swift */; };
		85397B4D298922ED0087FD4E /* WelcomeView.swift in Sources */ = {isa = PBXBuildFile; fileRef = 85397B4C298922ED0087FD4E /* WelcomeView.swift */; };
		85E54350298976D0000DA07C /* WelcomeViewModel.swift in Sources */ = {isa = PBXBuildFile; fileRef = 85E5434F298976D0000DA07C /* WelcomeViewModel.swift */; };
		85E543542989857A000DA07C /* ClimateView.swift in Sources */ = {isa = PBXBuildFile; fileRef = 85E543532989857A000DA07C /* ClimateView.swift */; };
		85E5435629898C92000DA07C /* TopControlView.swift in Sources */ = {isa = PBXBuildFile; fileRef = 85E5435529898C92000DA07C /* TopControlView.swift */; };
		85E543582989A3EB000DA07C /* ClimateControlView.swift in Sources */ = {isa = PBXBuildFile; fileRef = 85E543572989A3EB000DA07C /* ClimateControlView.swift */; };
		85E5435A298A6A01000DA07C /* ClimateViewModel.swift in Sources */ = {isa = PBXBuildFile; fileRef = 85E54359298A6A01000DA07C /* ClimateViewModel.swift */; };
		85E5435C298BC212000DA07C /* CustomBottomSheet.swift in Sources */ = {isa = PBXBuildFile; fileRef = 85E5435B298BC212000DA07C /* CustomBottomSheet.swift */; };
		85E5435E298BCBD0000DA07C /* CustomBottomSheetViewModel.swift in Sources */ = {isa = PBXBuildFile; fileRef = 85E5435D298BCBD0000DA07C /* CustomBottomSheetViewModel.swift */; };
		85E54360298BF8B4000DA07C /* CustomStepperView.swift in Sources */ = {isa = PBXBuildFile; fileRef = 85E5435F298BF8B4000DA07C /* CustomStepperView.swift */; };
		85E54362298C05F9000DA07C /* Double+Extension.swift in Sources */ = {isa = PBXBuildFile; fileRef = 85E54361298C05F9000DA07C /* Double+Extension.swift */; };
		85E54365298C064A000DA07C /* CustomSliderComponents.swift in Sources */ = {isa = PBXBuildFile; fileRef = 85E54364298C064A000DA07C /* CustomSliderComponents.swift */; };
		85E54367298C0678000DA07C /* CustomSliderModifier.swift in Sources */ = {isa = PBXBuildFile; fileRef = 85E54366298C0678000DA07C /* CustomSliderModifier.swift */; };
		85E54369298C06FB000DA07C /* CustomSlider.swift in Sources */ = {isa = PBXBuildFile; fileRef = 85E54368298C06FB000DA07C /* CustomSlider.swift */; };
		85E5436B298C086D000DA07C /* PowerBottomSheetView.swift in Sources */ = {isa = PBXBuildFile; fileRef = 85E5436A298C086D000DA07C /* PowerBottomSheetView.swift */; };
		85E5436D298C09ED000DA07C /* ClimateInfoControl.swift in Sources */ = {isa = PBXBuildFile; fileRef = 85E5436C298C09ED000DA07C /* ClimateInfoControl.swift */; };
		85E5436F298C1F34000DA07C /* UIColor+Extension.swift in Sources */ = {isa = PBXBuildFile; fileRef = 85E5436E298C1F34000DA07C /* UIColor+Extension.swift */; };
/* End PBXBuildFile section */

/* Begin PBXFileReference section */
		85397B29298844F40087FD4E /* TeslaApp.app */ = {isa = PBXFileReference; explicitFileType = wrapper.application; includeInIndex = 0; path = TeslaApp.app; sourceTree = BUILT_PRODUCTS_DIR; };
		85397B2C298844F40087FD4E /* TeslaAppApp.swift */ = {isa = PBXFileReference; lastKnownFileType = sourcecode.swift; path = TeslaAppApp.swift; sourceTree = "<group>"; };
		85397B2E298844F40087FD4E /* MainView.swift */ = {isa = PBXFileReference; lastKnownFileType = sourcecode.swift; path = MainView.swift; sourceTree = "<group>"; };
		85397B30298844F50087FD4E /* Assets.xcassets */ = {isa = PBXFileReference; lastKnownFileType = folder.assetcatalog; path = Assets.xcassets; sourceTree = "<group>"; };
		85397B33298844F50087FD4E /* Preview Assets.xcassets */ = {isa = PBXFileReference; lastKnownFileType = folder.assetcatalog; path = "Preview Assets.xcassets"; sourceTree = "<group>"; };
		85397B3C298860BA0087FD4E /* Color+Extension.swift */ = {isa = PBXFileReference; lastKnownFileType = sourcecode.swift; path = "Color+Extension.swift"; sourceTree = "<group>"; };
		85397B3E29891BC30087FD4E /* MainViewModel.swift */ = {isa = PBXFileReference; lastKnownFileType = sourcecode.swift; path = MainViewModel.swift; sourceTree = "<group>"; };
		85397B4029891CCE0087FD4E /* LinearGradient+Extension.swift */ = {isa = PBXFileReference; lastKnownFileType = sourcecode.swift; path = "LinearGradient+Extension.swift"; sourceTree = "<group>"; };
		85397B4229891EB20087FD4E /* BackgroundView.swift */ = {isa = PBXFileReference; lastKnownFileType = sourcecode.swift; path = BackgroundView.swift; sourceTree = "<group>"; };
		85397B4429891FC90087FD4E /* NeumorphismUnSelected.swift */ = {isa = PBXFileReference; lastKnownFileType = sourcecode.swift; path = NeumorphismUnSelected.swift; sourceTree = "<group>"; };
		85397B4629891FEC0087FD4E /* NeumorphismSelected.swift */ = {isa = PBXFileReference; lastKnownFileType = sourcecode.swift; path = NeumorphismSelected.swift; sourceTree = "<group>"; };
		85397B482989205A0087FD4E /* NeumorphismUnSelectedCircle.swift */ = {isa = PBXFileReference; lastKnownFileType = sourcecode.swift; path = NeumorphismUnSelectedCircle.swift; sourceTree = "<group>"; };
		85397B4A298920A40087FD4E /* View+Extension.swift */ = {isa = PBXFileReference; lastKnownFileType = sourcecode.swift; path = "View+Extension.swift"; sourceTree = "<group>"; };
		85397B4C298922ED0087FD4E /* WelcomeView.swift */ = {isa = PBXFileReference; lastKnownFileType = sourcecode.swift; path = WelcomeView.swift; sourceTree = "<group>"; };
		85E5434F298976D0000DA07C /* WelcomeViewModel.swift */ = {isa = PBXFileReference; lastKnownFileType = sourcecode.swift; path = WelcomeViewModel.swift; sourceTree = "<group>"; };
		85E543532989857A000DA07C /* ClimateView.swift */ = {isa = PBXFileReference; lastKnownFileType = sourcecode.swift; path = ClimateView.swift; sourceTree = "<group>"; };
		85E5435529898C92000DA07C /* TopControlView.swift */ = {isa = PBXFileReference; lastKnownFileType = sourcecode.swift; path = TopControlView.swift; sourceTree = "<group>"; };
		85E543572989A3EB000DA07C /* ClimateControlView.swift */ = {isa = PBXFileReference; lastKnownFileType = sourcecode.swift; path = ClimateControlView.swift; sourceTree = "<group>"; };
		85E54359298A6A01000DA07C /* ClimateViewModel.swift */ = {isa = PBXFileReference; lastKnownFileType = sourcecode.swift; path = ClimateViewModel.swift; sourceTree = "<group>"; };
		85E5435B298BC212000DA07C /* CustomBottomSheet.swift */ = {isa = PBXFileReference; lastKnownFileType = sourcecode.swift; path = CustomBottomSheet.swift; sourceTree = "<group>"; };
		85E5435D298BCBD0000DA07C /* CustomBottomSheetViewModel.swift */ = {isa = PBXFileReference; lastKnownFileType = sourcecode.swift; path = CustomBottomSheetViewModel.swift; sourceTree = "<group>"; };
		85E5435F298BF8B4000DA07C /* CustomStepperView.swift */ = {isa = PBXFileReference; lastKnownFileType = sourcecode.swift; path = CustomStepperView.swift; sourceTree = "<group>"; };
		85E54361298C05F9000DA07C /* Double+Extension.swift */ = {isa = PBXFileReference; lastKnownFileType = sourcecode.swift; path = "Double+Extension.swift"; sourceTree = "<group>"; };
		85E54364298C064A000DA07C /* CustomSliderComponents.swift */ = {isa = PBXFileReference; lastKnownFileType = sourcecode.swift; path = CustomSliderComponents.swift; sourceTree = "<group>"; };
		85E54366298C0678000DA07C /* CustomSliderModifier.swift */ = {isa = PBXFileReference; lastKnownFileType = sourcecode.swift; path = CustomSliderModifier.swift; sourceTree = "<group>"; };
		85E54368298C06FB000DA07C /* CustomSlider.swift */ = {isa = PBXFileReference; lastKnownFileType = sourcecode.swift; path = CustomSlider.swift; sourceTree = "<group>"; };
		85E5436A298C086D000DA07C /* PowerBottomSheetView.swift */ = {isa = PBXFileReference; lastKnownFileType = sourcecode.swift; path = PowerBottomSheetView.swift; sourceTree = "<group>"; };
		85E5436C298C09ED000DA07C /* ClimateInfoControl.swift */ = {isa = PBXFileReference; lastKnownFileType = sourcecode.swift; path = ClimateInfoControl.swift; sourceTree = "<group>"; };
		85E5436E298C1F34000DA07C /* UIColor+Extension.swift */ = {isa = PBXFileReference; lastKnownFileType = sourcecode.swift; path = "UIColor+Extension.swift"; sourceTree = "<group>"; };
/* End PBXFileReference section */

/* Begin PBXFrameworksBuildPhase section */
		85397B26298844F40087FD4E /* Frameworks */ = {
			isa = PBXFrameworksBuildPhase;
			buildActionMask = 2147483647;
			files = (
			);
			runOnlyForDeploymentPostprocessing = 0;
		};
/* End PBXFrameworksBuildPhase section */

/* Begin PBXGroup section */
		85397B20298844F40087FD4E = {
			isa = PBXGroup;
			children = (
				85397B2B298844F40087FD4E /* TeslaApp */,
				85397B2A298844F40087FD4E /* Products */,
			);
			sourceTree = "<group>";
		};
		85397B2A298844F40087FD4E /* Products */ = {
			isa = PBXGroup;
			children = (
				85397B29298844F40087FD4E /* TeslaApp.app */,
			);
			name = Products;
			sourceTree = "<group>";
		};
		85397B2B298844F40087FD4E /* TeslaApp */ = {
			isa = PBXGroup;
			children = (
				85397B2C298844F40087FD4E /* TeslaAppApp.swift */,
				85397B2E298844F40087FD4E /* MainView.swift */,
				85397B3E29891BC30087FD4E /* MainViewModel.swift */,
				85397B30298844F50087FD4E /* Assets.xcassets */,
				85397B32298844F50087FD4E /* Preview Content */,
				85397B3C298860BA0087FD4E /* Color+Extension.swift */,
				85397B4029891CCE0087FD4E /* LinearGradient+Extension.swift */,
				85397B4229891EB20087FD4E /* BackgroundView.swift */,
				85397B4429891FC90087FD4E /* NeumorphismUnSelected.swift */,
				85397B4629891FEC0087FD4E /* NeumorphismSelected.swift */,
				85397B482989205A0087FD4E /* NeumorphismUnSelectedCircle.swift */,
				85397B4A298920A40087FD4E /* View+Extension.swift */,
				85397B4C298922ED0087FD4E /* WelcomeView.swift */,
				85E5434F298976D0000DA07C /* WelcomeViewModel.swift */,
				85E543532989857A000DA07C /* ClimateView.swift */,
				85E5435529898C92000DA07C /* TopControlView.swift */,
				85E543572989A3EB000DA07C /* ClimateControlView.swift */,
				85E54359298A6A01000DA07C /* ClimateViewModel.swift */,
				85E5435B298BC212000DA07C /* CustomBottomSheet.swift */,
				85E5435D298BCBD0000DA07C /* CustomBottomSheetViewModel.swift */,
				85E5435F298BF8B4000DA07C /* CustomStepperView.swift */,
				85E54361298C05F9000DA07C /* Double+Extension.swift */,
				85E5436A298C086D000DA07C /* PowerBottomSheetView.swift */,
				85E5436C298C09ED000DA07C /* ClimateInfoControl.swift */,
				85E54363298C0624000DA07C /* CustomSlider */,
				85E5436E298C1F34000DA07C /* UIColor+Extension.swift */,
			);
			path = TeslaApp;
			sourceTree = "<group>";
		};
		85397B32298844F50087FD4E /* Preview Content */ = {
			isa = PBXGroup;
			children = (
				85397B33298844F50087FD4E /* Preview Assets.xcassets */,
			);
			path = "Preview Content";
			sourceTree = "<group>";
		};
		85E54363298C0624000DA07C /* CustomSlider */ = {
			isa = PBXGroup;
			children = (
				85E54364298C064A000DA07C /* CustomSliderComponents.swift */,
				85E54366298C0678000DA07C /* CustomSliderModifier.swift */,
				85E54368298C06FB000DA07C /* CustomSlider.swift */,
			);
			path = CustomSlider;
			sourceTree = "<group>";
		};
/* End PBXGroup section */

/* Begin PBXNativeTarget section */
		85397B28298844F40087FD4E /* TeslaApp */ = {
			isa = PBXNativeTarget;
			buildConfigurationList = 85397B37298844F50087FD4E /* Build configuration list for PBXNativeTarget "TeslaApp" */;
			buildPhases = (
				85397B25298844F40087FD4E /* Sources */,
				85397B26298844F40087FD4E /* Frameworks */,
				85397B27298844F40087FD4E /* Resources */,
				85397B3A298845950087FD4E /* SwiftFormat */,
				85397B3B298845C20087FD4E /* SwiftLint */,
			);
			buildRules = (
			);
			dependencies = (
			);
			name = TeslaApp;
			productName = TeslaApp;
			productReference = 85397B29298844F40087FD4E /* TeslaApp.app */;
			productType = "com.apple.product-type.application";
		};
/* End PBXNativeTarget section */

/* Begin PBXProject section */
		85397B21298844F40087FD4E /* Project object */ = {
			isa = PBXProject;
			attributes = {
				BuildIndependentTargetsInParallel = 1;
				LastSwiftUpdateCheck = 1340;
				LastUpgradeCheck = 1340;
				TargetAttributes = {
					85397B28298844F40087FD4E = {
						CreatedOnToolsVersion = 13.4.1;
					};
				};
			};
			buildConfigurationList = 85397B24298844F40087FD4E /* Build configuration list for PBXProject "TeslaApp" */;
			compatibilityVersion = "Xcode 13.0";
			developmentRegion = en;
			hasScannedForEncodings = 0;
			knownRegions = (
				en,
				Base,
			);
			mainGroup = 85397B20298844F40087FD4E;
			productRefGroup = 85397B2A298844F40087FD4E /* Products */;
			projectDirPath = "";
			projectRoot = "";
			targets = (
				85397B28298844F40087FD4E /* TeslaApp */,
			);
		};
/* End PBXProject section */

/* Begin PBXResourcesBuildPhase section */
		85397B27298844F40087FD4E /* Resources */ = {
			isa = PBXResourcesBuildPhase;
			buildActionMask = 2147483647;
			files = (
				85397B34298844F50087FD4E /* Preview Assets.xcassets in Resources */,
				85397B31298844F50087FD4E /* Assets.xcassets in Resources */,
			);
			runOnlyForDeploymentPostprocessing = 0;
		};
/* End PBXResourcesBuildPhase section */

/* Begin PBXShellScriptBuildPhase section */
		85397B3A298845950087FD4E /* SwiftFormat */ = {
			isa = PBXShellScriptBuildPhase;
			buildActionMask = 2147483647;
			files = (
			);
			inputFileListPaths = (
			);
			inputPaths = (
			);
			name = SwiftFormat;
			outputFileListPaths = (
			);
			outputPaths = (
			);
			runOnlyForDeploymentPostprocessing = 0;
			shellPath = /bin/sh;
			shellScript = "export PATH=\"$PATH:/opt/homebrew/bin\"\nif which swiftformat >/dev/null; then\n  swiftformat .\nelse\n  echo \"warning: SwiftFormat not installed, download from https://github.com/nicklockwood/SwiftFormat\"\n  fi\n";
		};
		85397B3B298845C20087FD4E /* SwiftLint */ = {
			isa = PBXShellScriptBuildPhase;
			buildActionMask = 2147483647;
			files = (
			);
			inputFileListPaths = (
			);
			inputPaths = (
			);
			name = SwiftLint;
			outputFileListPaths = (
			);
			outputPaths = (
			);
			runOnlyForDeploymentPostprocessing = 0;
			shellPath = /bin/sh;
			shellScript = "export PATH=\"$PATH:/opt/homebrew/bin\"\nif which swiftlint > /dev/null; then\n  swiftlint\nelse\n  echo \"warning: SwiftLint not installed, download from https://github.com/realm/SwiftLint\"\nfi\n";
		};
/* End PBXShellScriptBuildPhase section */

/* Begin PBXSourcesBuildPhase section */
		85397B25298844F40087FD4E /* Sources */ = {
			isa = PBXSourcesBuildPhase;
			buildActionMask = 2147483647;
			files = (
				85E54369298C06FB000DA07C /* CustomSlider.swift in Sources */,
				85E5436D298C09ED000DA07C /* ClimateInfoControl.swift in Sources */,
				85E5435C298BC212000DA07C /* CustomBottomSheet.swift in Sources */,
				85397B2F298844F40087FD4E /* MainView.swift in Sources */,
				85E543542989857A000DA07C /* ClimateView.swift in Sources */,
				85E54350298976D0000DA07C /* WelcomeViewModel.swift in Sources */,
				85E5435E298BCBD0000DA07C /* CustomBottomSheetViewModel.swift in Sources */,
				85397B4529891FC90087FD4E /* NeumorphismUnSelected.swift in Sources */,
				85397B4B298920A40087FD4E /* View+Extension.swift in Sources */,
				85397B3D298860BA0087FD4E /* Color+Extension.swift in Sources */,
				85E54362298C05F9000DA07C /* Double+Extension.swift in Sources */,
				85397B4129891CCE0087FD4E /* LinearGradient+Extension.swift in Sources */,
				85397B4729891FEC0087FD4E /* NeumorphismSelected.swift in Sources */,
				85397B4D298922ED0087FD4E /* WelcomeView.swift in Sources */,
				85397B2D298844F40087FD4E /* TeslaAppApp.swift in Sources */,
				85E54360298BF8B4000DA07C /* CustomStepperView.swift in Sources */,
				85E54365298C064A000DA07C /* CustomSliderComponents.swift in Sources */,
				85E5435629898C92000DA07C /* TopControlView.swift in Sources */,
				85E54367298C0678000DA07C /* CustomSliderModifier.swift in Sources */,
				85397B3F29891BC30087FD4E /* MainViewModel.swift in Sources */,
				85E5436B298C086D000DA07C /* PowerBottomSheetView.swift in Sources */,
				85E5435A298A6A01000DA07C /* ClimateViewModel.swift in Sources */,
				85397B4329891EB20087FD4E /* BackgroundView.swift in Sources */,
				85E5436F298C1F34000DA07C /* UIColor+Extension.swift in Sources */,
				85397B492989205A0087FD4E /* NeumorphismUnSelectedCircle.swift in Sources */,
				85E543582989A3EB000DA07C /* ClimateControlView.swift in Sources */,
			);
			runOnlyForDeploymentPostprocessing = 0;
		};
/* End PBXSourcesBuildPhase section */

/* Begin XCBuildConfiguration section */
		85397B35298844F50087FD4E /* Debug */ = {
			isa = XCBuildConfiguration;
			buildSettings = {
				ALWAYS_SEARCH_USER_PATHS = NO;
				CLANG_ANALYZER_NONNULL = YES;
				CLANG_ANALYZER_NUMBER_OBJECT_CONVERSION = YES_AGGRESSIVE;
				CLANG_CXX_LANGUAGE_STANDARD = "gnu++17";
				CLANG_ENABLE_MODULES = YES;
				CLANG_ENABLE_OBJC_ARC = YES;
				CLANG_ENABLE_OBJC_WEAK = YES;
				CLANG_WARN_BLOCK_CAPTURE_AUTORELEASING = YES;
				CLANG_WARN_BOOL_CONVERSION = YES;
				CLANG_WARN_COMMA = YES;
				CLANG_WARN_CONSTANT_CONVERSION = YES;
				CLANG_WARN_DEPRECATED_OBJC_IMPLEMENTATIONS = YES;
				CLANG_WARN_DIRECT_OBJC_ISA_USAGE = YES_ERROR;
				CLANG_WARN_DOCUMENTATION_COMMENTS = YES;
				CLANG_WARN_EMPTY_BODY = YES;
				CLANG_WARN_ENUM_CONVERSION = YES;
				CLANG_WARN_INFINITE_RECURSION = YES;
				CLANG_WARN_INT_CONVERSION = YES;
				CLANG_WARN_NON_LITERAL_NULL_CONVERSION = YES;
				CLANG_WARN_OBJC_IMPLICIT_RETAIN_SELF = YES;
				CLANG_WARN_OBJC_LITERAL_CONVERSION = YES;
				CLANG_WARN_OBJC_ROOT_CLASS = YES_ERROR;
				CLANG_WARN_QUOTED_INCLUDE_IN_FRAMEWORK_HEADER = YES;
				CLANG_WARN_RANGE_LOOP_ANALYSIS = YES;
				CLANG_WARN_STRICT_PROTOTYPES = YES;
				CLANG_WARN_SUSPICIOUS_MOVE = YES;
				CLANG_WARN_UNGUARDED_AVAILABILITY = YES_AGGRESSIVE;
				CLANG_WARN_UNREACHABLE_CODE = YES;
				CLANG_WARN__DUPLICATE_METHOD_MATCH = YES;
				COPY_PHASE_STRIP = NO;
				DEBUG_INFORMATION_FORMAT = dwarf;
				ENABLE_STRICT_OBJC_MSGSEND = YES;
				ENABLE_TESTABILITY = YES;
				GCC_C_LANGUAGE_STANDARD = gnu11;
				GCC_DYNAMIC_NO_PIC = NO;
				GCC_NO_COMMON_BLOCKS = YES;
				GCC_OPTIMIZATION_LEVEL = 0;
				GCC_PREPROCESSOR_DEFINITIONS = (
					"DEBUG=1",
					"$(inherited)",
				);
				GCC_WARN_64_TO_32_BIT_CONVERSION = YES;
				GCC_WARN_ABOUT_RETURN_TYPE = YES_ERROR;
				GCC_WARN_UNDECLARED_SELECTOR = YES;
				GCC_WARN_UNINITIALIZED_AUTOS = YES_AGGRESSIVE;
				GCC_WARN_UNUSED_FUNCTION = YES;
				GCC_WARN_UNUSED_VARIABLE = YES;
				IPHONEOS_DEPLOYMENT_TARGET = 15.0;
				MTL_ENABLE_DEBUG_INFO = INCLUDE_SOURCE;
				MTL_FAST_MATH = YES;
				ONLY_ACTIVE_ARCH = YES;
				SDKROOT = iphoneos;
				SWIFT_ACTIVE_COMPILATION_CONDITIONS = DEBUG;
				SWIFT_OPTIMIZATION_LEVEL = "-Onone";
			};
			name = Debug;
		};
		85397B36298844F50087FD4E /* Release */ = {
			isa = XCBuildConfiguration;
			buildSettings = {
				ALWAYS_SEARCH_USER_PATHS = NO;
				CLANG_ANALYZER_NONNULL = YES;
				CLANG_ANALYZER_NUMBER_OBJECT_CONVERSION = YES_AGGRESSIVE;
				CLANG_CXX_LANGUAGE_STANDARD = "gnu++17";
				CLANG_ENABLE_MODULES = YES;
				CLANG_ENABLE_OBJC_ARC = YES;
				CLANG_ENABLE_OBJC_WEAK = YES;
				CLANG_WARN_BLOCK_CAPTURE_AUTORELEASING = YES;
				CLANG_WARN_BOOL_CONVERSION = YES;
				CLANG_WARN_COMMA = YES;
				CLANG_WARN_CONSTANT_CONVERSION = YES;
				CLANG_WARN_DEPRECATED_OBJC_IMPLEMENTATIONS = YES;
				CLANG_WARN_DIRECT_OBJC_ISA_USAGE = YES_ERROR;
				CLANG_WARN_DOCUMENTATION_COMMENTS = YES;
				CLANG_WARN_EMPTY_BODY = YES;
				CLANG_WARN_ENUM_CONVERSION = YES;
				CLANG_WARN_INFINITE_RECURSION = YES;
				CLANG_WARN_INT_CONVERSION = YES;
				CLANG_WARN_NON_LITERAL_NULL_CONVERSION = YES;
				CLANG_WARN_OBJC_IMPLICIT_RETAIN_SELF = YES;
				CLANG_WARN_OBJC_LITERAL_CONVERSION = YES;
				CLANG_WARN_OBJC_ROOT_CLASS = YES_ERROR;
				CLANG_WARN_QUOTED_INCLUDE_IN_FRAMEWORK_HEADER = YES;
				CLANG_WARN_RANGE_LOOP_ANALYSIS = YES;
				CLANG_WARN_STRICT_PROTOTYPES = YES;
				CLANG_WARN_SUSPICIOUS_MOVE = YES;
				CLANG_WARN_UNGUARDED_AVAILABILITY = YES_AGGRESSIVE;
				CLANG_WARN_UNREACHABLE_CODE = YES;
				CLANG_WARN__DUPLICATE_METHOD_MATCH = YES;
				COPY_PHASE_STRIP = NO;
				DEBUG_INFORMATION_FORMAT = "dwarf-with-dsym";
				ENABLE_NS_ASSERTIONS = NO;
				ENABLE_STRICT_OBJC_MSGSEND = YES;
				GCC_C_LANGUAGE_STANDARD = gnu11;
				GCC_NO_COMMON_BLOCKS = YES;
				GCC_WARN_64_TO_32_BIT_CONVERSION = YES;
				GCC_WARN_ABOUT_RETURN_TYPE = YES_ERROR;
				GCC_WARN_UNDECLARED_SELECTOR = YES;
				GCC_WARN_UNINITIALIZED_AUTOS = YES_AGGRESSIVE;
				GCC_WARN_UNUSED_FUNCTION = YES;
				GCC_WARN_UNUSED_VARIABLE = YES;
				IPHONEOS_DEPLOYMENT_TARGET = 15.0;
				MTL_ENABLE_DEBUG_INFO = NO;
				MTL_FAST_MATH = YES;
				SDKROOT = iphoneos;
				SWIFT_COMPILATION_MODE = wholemodule;
				SWIFT_OPTIMIZATION_LEVEL = "-O";
				VALIDATE_PRODUCT = YES;
			};
			name = Release;
		};
		85397B38298844F50087FD4E /* Debug */ = {
			isa = XCBuildConfiguration;
			buildSettings = {
				ASSETCATALOG_COMPILER_APPICON_NAME = AppIcon;
				ASSETCATALOG_COMPILER_GLOBAL_ACCENT_COLOR_NAME = AccentColor;
				CODE_SIGN_STYLE = Automatic;
				CURRENT_PROJECT_VERSION = 1;
				DEVELOPMENT_ASSET_PATHS = "\"TeslaApp/Preview Content\"";
				DEVELOPMENT_TEAM = P29BZ53K6N;
				ENABLE_PREVIEWS = YES;
				GENERATE_INFOPLIST_FILE = YES;
				INFOPLIST_KEY_UIApplicationSceneManifest_Generation = YES;
				INFOPLIST_KEY_UIApplicationSupportsIndirectInputEvents = YES;
				INFOPLIST_KEY_UILaunchScreen_Generation = YES;
				INFOPLIST_KEY_UISupportedInterfaceOrientations_iPad = "UIInterfaceOrientationPortrait UIInterfaceOrientationPortraitUpsideDown UIInterfaceOrientationLandscapeLeft UIInterfaceOrientationLandscapeRight";
				INFOPLIST_KEY_UISupportedInterfaceOrientations_iPhone = "UIInterfaceOrientationPortrait UIInterfaceOrientationLandscapeLeft UIInterfaceOrientationLandscapeRight";
				LD_RUNPATH_SEARCH_PATHS = (
					"$(inherited)",
					"@executable_path/Frameworks",
				);
				MARKETING_VERSION = 1.0;
				PRODUCT_BUNDLE_IDENTIFIER = sa.TeslaApp;
				PRODUCT_NAME = "$(TARGET_NAME)";
				SWIFT_EMIT_LOC_STRINGS = YES;
				SWIFT_VERSION = 5.0;
				TARGETED_DEVICE_FAMILY = "1,2";
			};
			name = Debug;
		};
		85397B39298844F50087FD4E /* Release */ = {
			isa = XCBuildConfiguration;
			buildSettings = {
				ASSETCATALOG_COMPILER_APPICON_NAME = AppIcon;
				ASSETCATALOG_COMPILER_GLOBAL_ACCENT_COLOR_NAME = AccentColor;
				CODE_SIGN_STYLE = Automatic;
				CURRENT_PROJECT_VERSION = 1;
				DEVELOPMENT_ASSET_PATHS = "\"TeslaApp/Preview Content\"";
				DEVELOPMENT_TEAM = P29BZ53K6N;
				ENABLE_PREVIEWS = YES;
				GENERATE_INFOPLIST_FILE = YES;
				INFOPLIST_KEY_UIApplicationSceneManifest_Generation = YES;
				INFOPLIST_KEY_UIApplicationSupportsIndirectInputEvents = YES;
				INFOPLIST_KEY_UILaunchScreen_Generation = YES;
				INFOPLIST_KEY_UISupportedInterfaceOrientations_iPad = "UIInterfaceOrientationPortrait UIInterfaceOrientationPortraitUpsideDown UIInterfaceOrientationLandscapeLeft UIInterfaceOrientationLandscapeRight";
				INFOPLIST_KEY_UISupportedInterfaceOrientations_iPhone = "UIInterfaceOrientationPortrait UIInterfaceOrientationLandscapeLeft UIInterfaceOrientationLandscapeRight";
				LD_RUNPATH_SEARCH_PATHS = (
					"$(inherited)",
					"@executable_path/Frameworks",
				);
				MARKETING_VERSION = 1.0;
				PRODUCT_BUNDLE_IDENTIFIER = sa.TeslaApp;
				PRODUCT_NAME = "$(TARGET_NAME)";
				SWIFT_EMIT_LOC_STRINGS = YES;
				SWIFT_VERSION = 5.0;
				TARGETED_DEVICE_FAMILY = "1,2";
			};
			name = Release;
		};
/* End XCBuildConfiguration section */

/* Begin XCConfigurationList section */
		85397B24298844F40087FD4E /* Build configuration list for PBXProject "TeslaApp" */ = {
			isa = XCConfigurationList;
			buildConfigurations = (
				85397B35298844F50087FD4E /* Debug */,
				85397B36298844F50087FD4E /* Release */,
			);
			defaultConfigurationIsVisible = 0;
			defaultConfigurationName = Release;
		};
		85397B37298844F50087FD4E /* Build configuration list for PBXNativeTarget "TeslaApp" */ = {
			isa = XCConfigurationList;
			buildConfigurations = (
				85397B38298844F50087FD4E /* Debug */,
				85397B39298844F50087FD4E /* Release */,
			);
			defaultConfigurationIsVisible = 0;
			defaultConfigurationName = Release;
		};
/* End XCConfigurationList section */
	};
	rootObject = 85397B21298844F40087FD4E /* Project object */;
}
